{
  "originHash" : "7f3aa9886146621e3330e80c89a162b62bb06a3674bb1c59deb87d19f4c7263f",
  "pins" : [
    {
      "identity" : "axui",
      "kind" : "remoteSourceControl",
      "location" : "https://github.com/1amageek/AXUI.git",
      "state" : {
        "branch" : "main",
        "revision" : "d1bd5bad90c1b6269aed2c6666d48509b20513af"
      }
    },
    {
      "identity" : "swift-argument-parser",
      "kind" : "remoteSourceControl",
      "location" : "https://github.com/apple/swift-argument-parser.git",
      "state" : {
        "revision" : "011f0c765fb46d9cac61bca19be0527e99c98c8b",
        "version" : "1.5.1"
      }
    }
  ],
  "version" : 3
}
