{
  "originHash" : "2d09f5d2fcb3578c6a956908ae413b98827203662aa42621bd75238d73521a0f",
  "pins" : [
    {
      "identity" : "axui",
      "kind" : "remoteSourceControl",
      "location" : "https://github.com/1amageek/AXUI.git",
      "state" : {
        "branch" : "main",
        "revision" : "b44d3dae788221695dce183816e05297cf73bf08"
      }
    },
    {
      "identity" : "swift-argument-parser",
      "kind" : "remoteSourceControl",
      "location" : "https://github.com/apple/swift-argument-parser.git",
      "state" : {
        "revision" : "011f0c765fb46d9cac61bca19be0527e99c98c8b",
        "version" : "1.5.1"
      }
    }
  ],
  "version" : 3
}
